
Microsoft Visual Studio Solution File, Format Version 12.00
# Visual Studio Version 16
VisualStudioVersion = 16.0.31112.23
MinimumVisualStudioVersion = 10.0.40219.1
Project("{FAE04EC0-301F-11D3-BF4B-00C04F79EFBC}") = "APIProject", "APIProject\APIProject.csproj", "{AE50D569-8F1F-4E41-97C1-12D4B7C03ABD}"
EndProject
Global
	GlobalSection(SolutionConfigurationPlatforms) = preSolution
		Debug|Any CPU = Debug|Any CPU
		Release|Any CPU = Release|Any CPU
	EndGlobalSection
	GlobalSection(ProjectConfigurationPlatforms) = postSolution
		{AE50D569-8F1F-4E41-97C1-12D4B7C03ABD}.Debug|Any CPU.ActiveCfg = Debug|Any CPU
		{AE50D569-8F1F-4E41-97C1-12D4B7C03ABD}.Debug|Any CPU.Build.0 = Debug|Any CPU
		{AE50D569-8F1F-4E41-97C1-12D4B7C03ABD}.Release|Any CPU.ActiveCfg = Release|Any CPU
		{AE50D569-8F1F-4E41-97C1-12D4B7C03ABD}.Release|Any CPU.Build.0 = Release|Any CPU
	EndGlobalSection
	GlobalSection(SolutionProperties) = preSolution
		HideSolutionNode = FALSE
	EndGlobalSection
	GlobalSection(ExtensibilityGlobals) = postSolution
		SolutionGuid = {E27D3ACB-4206-42F0-AE85-C6AC91DC764F}
	EndGlobalSection
EndGlobal
